
Microsoft Visual Studio Solution File, Format Version 12.00
# Visual Studio Version 16
VisualStudioVersion = 16.0.30611.23
MinimumVisualStudioVersion = 10.0.40219.1
Project("{9A19103F-16F7-4668-BE54-9A1E7A4F7556}") = "Holodex.NET", "Holodex.NET\Holodex.NET.csproj", "{7B42EDF1-DDE5-4222-9ED0-E7D36E2B1342}"
EndProject
Global
	GlobalSection(SolutionConfigurationPlatforms) = preSolution
		Debug|Any CPU = Debug|Any CPU
		Release|Any CPU = Release|Any CPU
	EndGlobalSection
	GlobalSection(ProjectConfigurationPlatforms) = postSolution
		{7B42EDF1-DDE5-4222-9ED0-E7D36E2B1342}.Debug|Any CPU.ActiveCfg = Debug|Any CPU
		{7B42EDF1-DDE5-4222-9ED0-E7D36E2B1342}.Debug|Any CPU.Build.0 = Debug|Any CPU
		{7B42EDF1-DDE5-4222-9ED0-E7D36E2B1342}.Release|Any CPU.ActiveCfg = Release|Any CPU
		{7B42EDF1-DDE5-4222-9ED0-E7D36E2B1342}.Release|Any CPU.Build.0 = Release|Any CPU
	EndGlobalSection
	GlobalSection(SolutionProperties) = preSolution
		HideSolutionNode = FALSE
	EndGlobalSection
	GlobalSection(ExtensibilityGlobals) = postSolution
		SolutionGuid = {47D91640-BCA9-4C4A-862D-1F3CBD793744}
	EndGlobalSection
EndGlobal
